# THIS IS AN AUTOGENERATED FILE. DO NOT EDIT THIS FILE DIRECTLY.
# yarn lockfile v1


angular@^1.6.6:
  version "1.6.6"
  resolved "https://registry.yarnpkg.com/angular/-/angular-1.6.6.tgz#fd5a3cfb437ce382d854ee01120797978527cb64"

leaflet@^1.2.0:
  version "1.2.0"
  resolved "https://registry.yarnpkg.com/leaflet/-/leaflet-1.2.0.tgz#fd5d93d9cb00091f5f8a69206d0d6744c1c82697"

mobile-angular-ui@^1.3.4:
  version "1.3.4"
  resolved "https://registry.yarnpkg.com/mobile-angular-ui/-/mobile-angular-ui-1.3.4.tgz#46b92b026320470e2bd6bba3827ec561a141306f"
